# This file was autogenerated by Stack.
# You should not edit this file by hand.
# For more information, please see the documentation at:
#   https://docs.haskellstack.org/en/stable/lock_files

packages:
- completed:
    hackage: heap-console-0.1.0.0@sha256:be3d28eb7a5e16e45e56099e52757539b4da31c34237751a32f47e6026c49986,2337
    pantry-tree:
      size: 390
      sha256: 248261a6b53bbfc1c215bdbafff30e252ab7a4b71eb08b1aab23b642f98c90bf
  original:
    hackage: heap-console-0.1.0.0
snapshots:
- completed:
    size: 554192
    url: https://raw.githubusercontent.com/commercialhaskell/stackage-snapshots/master/nightly/2020/11/21.yaml
    sha256: edcf9a543a41632cec3fb981202c7b6fc6bdf5d8b4ef03eded442dcfc56dd74f
  original: nightly-2020-11-21
